
Microsoft Visual Studio Solution File, Format Version 12.00
# Visual Studio Version 17
VisualStudioVersion = 17.8.34408.163
MinimumVisualStudioVersion = 10.0.40219.1
Project("{9A19103F-16F7-4668-BE54-9A1E7A4F7556}") = "GitLabTools", "GitLabTools\GitLabTools.csproj", "{86E46106-027D-4736-A88E-2B87973FBFD3}"
EndProject
Project("{2150E333-8FDC-42A3-9474-1A3956D46DE8}") = "Solution Items", "Solution Items", "{B0CB46B0-3818-4D66-A753-D1D9733F48E5}"
	ProjectSection(SolutionItems) = preProject
		CHANGELOG.md = CHANGELOG.md
		LICENSE = LICENSE
		README.md = README.md
	EndProjectSection
EndProject
Global
	GlobalSection(SolutionConfigurationPlatforms) = preSolution
		Debug|Any CPU = Debug|Any CPU
		Release|Any CPU = Release|Any CPU
	EndGlobalSection
	GlobalSection(ProjectConfigurationPlatforms) = postSolution
		{86E46106-027D-4736-A88E-2B87973FBFD3}.Debug|Any CPU.ActiveCfg = Debug|Any CPU
		{86E46106-027D-4736-A88E-2B87973FBFD3}.Debug|Any CPU.Build.0 = Debug|Any CPU
		{86E46106-027D-4736-A88E-2B87973FBFD3}.Release|Any CPU.ActiveCfg = Release|Any CPU
		{86E46106-027D-4736-A88E-2B87973FBFD3}.Release|Any CPU.Build.0 = Release|Any CPU
	EndGlobalSection
	GlobalSection(SolutionProperties) = preSolution
		HideSolutionNode = FALSE
	EndGlobalSection
	GlobalSection(ExtensibilityGlobals) = postSolution
		SolutionGuid = {F57D1DA1-A1E3-4A58-B164-575A1BEBFC6A}
	EndGlobalSection
EndGlobal
